// !$*UTF8*$!
{
	archiveVersion = 1;
	classes = {
	};
	objectVersion = 56;
	objects = {

/* Begin PBXBuildFile section */
		340484C6297AA8AA00FC47EC /* Network+URLSessionDelegate.swift in Sources */ = {isa = PBXBuildFile; fileRef = 340484C5297AA8AA00FC47EC /* Network+URLSessionDelegate.swift */; };
		340484C8297AAA5900FC47EC /* Network.swift in Sources */ = {isa = PBXBuildFile; fileRef = 340484C7297AAA5900FC47EC /* Network.swift */; };
		340484CC297AAD3000FC47EC /* ResponseHandler.swift in Sources */ = {isa = PBXBuildFile; fileRef = 340484CB297AAD3000FC47EC /* ResponseHandler.swift */; };
		340484CE297AAF5900FC47EC /* NetworkError.swift in Sources */ = {isa = PBXBuildFile; fileRef = 340484CD297AAF5900FC47EC /* NetworkError.swift */; };
		340484D0297C214300FC47EC /* Loadable.swift in Sources */ = {isa = PBXBuildFile; fileRef = 340484CF297C214300FC47EC /* Loadable.swift */; };
		3429654B29757B4700E0E663 /* Feeling.swift in Sources */ = {isa = PBXBuildFile; fileRef = 3429654A29757B4700E0E663 /* Feeling.swift */; };
		342D1EAE296EBBE700042838 /* EC_ReflectApp.swift in Sources */ = {isa = PBXBuildFile; fileRef = 342D1EAD296EBBE700042838 /* EC_ReflectApp.swift */; };
		342D1EB0296EBBE700042838 /* ContentView.swift in Sources */ = {isa = PBXBuildFile; fileRef = 342D1EAF296EBBE700042838 /* ContentView.swift */; };
		342D1EB2296EBBE900042838 /* Assets.xcassets in Resources */ = {isa = PBXBuildFile; fileRef = 342D1EB1296EBBE900042838 /* Assets.xcassets */; };
		342D1EB5296EBBE900042838 /* Preview Assets.xcassets in Resources */ = {isa = PBXBuildFile; fileRef = 342D1EB4296EBBE900042838 /* Preview Assets.xcassets */; };
		342F63922978009F00D9DE5A /* ReflectionDetailsView.swift in Sources */ = {isa = PBXBuildFile; fileRef = 342F63912978009E00D9DE5A /* ReflectionDetailsView.swift */; };
		3484DD7029814C3200C4A3E5 /* ProfileViewModel.swift in Sources */ = {isa = PBXBuildFile; fileRef = 3484DD6F29814C3200C4A3E5 /* ProfileViewModel.swift */; };
		3484DD7229814CD400C4A3E5 /* Profile.swift in Sources */ = {isa = PBXBuildFile; fileRef = 3484DD7129814CD400C4A3E5 /* Profile.swift */; };
		3484DD7429814D3200C4A3E5 /* Auth0.plist in Resources */ = {isa = PBXBuildFile; fileRef = 3484DD7329814D3200C4A3E5 /* Auth0.plist */; };
		3484DD7729814F0E00C4A3E5 /* Auth0 in Frameworks */ = {isa = PBXBuildFile; productRef = 3484DD7629814F0E00C4A3E5 /* Auth0 */; };
		3484DD792981605500C4A3E5 /* ProfileView.swift in Sources */ = {isa = PBXBuildFile; fileRef = 3484DD782981605500C4A3E5 /* ProfileView.swift */; };
		34F7EE6A2970738A00E8934B /* NoteReflectionView.swift in Sources */ = {isa = PBXBuildFile; fileRef = 34F7EE662970738A00E8934B /* NoteReflectionView.swift */; };
		34F7EE6C2970738A00E8934B /* StartScreen.swift in Sources */ = {isa = PBXBuildFile; fileRef = 34F7EE682970738A00E8934B /* StartScreen.swift */; };
		34F7EE6D2970738A00E8934B /* JournalView.swift in Sources */ = {isa = PBXBuildFile; fileRef = 34F7EE692970738A00E8934B /* JournalView.swift */; };
		34F7EE6F2970988600E8934B /* WriteReflectionView.swift in Sources */ = {isa = PBXBuildFile; fileRef = 34F7EE6E2970988600E8934B /* WriteReflectionView.swift */; };
		5412FF47298BBB4900C21719 /* AddEditViewModel.swift in Sources */ = {isa = PBXBuildFile; fileRef = 5412FF46298BBB4900C21719 /* AddEditViewModel.swift */; };
		545EDDE42978303200F04FC8 /* QuoteViewModel.swift in Sources */ = {isa = PBXBuildFile; fileRef = 545EDDE32978303200F04FC8 /* QuoteViewModel.swift */; };
		545EDDE62978307000F04FC8 /* Quote.swift in Sources */ = {isa = PBXBuildFile; fileRef = 545EDDE52978307000F04FC8 /* Quote.swift */; };
		8A0B8228297FE503000A5CA5 /* WelcomeView.swift in Sources */ = {isa = PBXBuildFile; fileRef = 8A0B8227297FE503000A5CA5 /* WelcomeView.swift */; };
		8A0B8234297FF69C000A5CA5 /* Nunito-Bold.ttf in Resources */ = {isa = PBXBuildFile; fileRef = 8A0B8233297FF69C000A5CA5 /* Nunito-Bold.ttf */; };
		8A0B8236297FF6A6000A5CA5 /* Nunito-Regular.ttf in Resources */ = {isa = PBXBuildFile; fileRef = 8A0B8235297FF6A6000A5CA5 /* Nunito-Regular.ttf */; };
		8AB53E5C2979505100D05348 /* StartscreenCardView.swift in Sources */ = {isa = PBXBuildFile; fileRef = 8AB53E5B2979505100D05348 /* StartscreenCardView.swift */; };
		8ABEB1D9297567770015165A /* ReflectionViewModel.swift in Sources */ = {isa = PBXBuildFile; fileRef = 8ABEB1D7297567770015165A /* ReflectionViewModel.swift */; };
		8AE04755297FFAD40021BF8B /* QuoteView.swift in Sources */ = {isa = PBXBuildFile; fileRef = 8AE04754297FFAD40021BF8B /* QuoteView.swift */; };
		BEC9F92E29928B9A007FC040 /* DayTrackingMode.swift in Sources */ = {isa = PBXBuildFile; fileRef = BEC9F92D29928B9A007FC040 /* DayTrackingMode.swift */; };
		BEF614EF297FE6E1007B5C57 /* Reflection.xcdatamodeld in Sources */ = {isa = PBXBuildFile; fileRef = BEF614EC297FE6E1007B5C57 /* Reflection.xcdatamodeld */; };
		BEF614F1297FEAB1007B5C57 /* Persistence.swift in Sources */ = {isa = PBXBuildFile; fileRef = BEF614F0297FEAB1007B5C57 /* Persistence.swift */; };
		BEF615312989348F007B5C57 /* DaysCounterView.swift in Sources */ = {isa = PBXBuildFile; fileRef = BEF615302989348F007B5C57 /* DaysCounterView.swift */; };
/* End PBXBuildFile section */

/* Begin PBXFileReference section */
		340484C5297AA8AA00FC47EC /* Network+URLSessionDelegate.swift */ = {isa = PBXFileReference; lastKnownFileType = sourcecode.swift; path = "Network+URLSessionDelegate.swift"; sourceTree = "<group>"; };
		340484C7297AAA5900FC47EC /* Network.swift */ = {isa = PBXFileReference; lastKnownFileType = sourcecode.swift; path = Network.swift; sourceTree = "<group>"; };
		340484CB297AAD3000FC47EC /* ResponseHandler.swift */ = {isa = PBXFileReference; lastKnownFileType = sourcecode.swift; path = ResponseHandler.swift; sourceTree = "<group>"; };
		340484CD297AAF5900FC47EC /* NetworkError.swift */ = {isa = PBXFileReference; lastKnownFileType = sourcecode.swift; path = NetworkError.swift; sourceTree = "<group>"; };
		340484CF297C214300FC47EC /* Loadable.swift */ = {isa = PBXFileReference; lastKnownFileType = sourcecode.swift; path = Loadable.swift; sourceTree = "<group>"; };
		3429654A29757B4700E0E663 /* Feeling.swift */ = {isa = PBXFileReference; lastKnownFileType = sourcecode.swift; path = Feeling.swift; sourceTree = "<group>"; };
		342D1EAA296EBBE700042838 /* EC_Reflect.app */ = {isa = PBXFileReference; explicitFileType = wrapper.application; includeInIndex = 0; path = EC_Reflect.app; sourceTree = BUILT_PRODUCTS_DIR; };
		342D1EAD296EBBE700042838 /* EC_ReflectApp.swift */ = {isa = PBXFileReference; lastKnownFileType = sourcecode.swift; path = EC_ReflectApp.swift; sourceTree = "<group>"; };
		342D1EAF296EBBE700042838 /* ContentView.swift */ = {isa = PBXFileReference; lastKnownFileType = sourcecode.swift; path = ContentView.swift; sourceTree = "<group>"; };
		342D1EB1296EBBE900042838 /* Assets.xcassets */ = {isa = PBXFileReference; lastKnownFileType = folder.assetcatalog; path = Assets.xcassets; sourceTree = "<group>"; };
		342D1EB4296EBBE900042838 /* Preview Assets.xcassets */ = {isa = PBXFileReference; lastKnownFileType = folder.assetcatalog; path = "Preview Assets.xcassets"; sourceTree = "<group>"; };
		342F63912978009E00D9DE5A /* ReflectionDetailsView.swift */ = {isa = PBXFileReference; fileEncoding = 4; lastKnownFileType = sourcecode.swift; path = ReflectionDetailsView.swift; sourceTree = "<group>"; };
		3484DD6F29814C3200C4A3E5 /* ProfileViewModel.swift */ = {isa = PBXFileReference; lastKnownFileType = sourcecode.swift; path = ProfileViewModel.swift; sourceTree = "<group>"; };
		3484DD7129814CD400C4A3E5 /* Profile.swift */ = {isa = PBXFileReference; lastKnownFileType = sourcecode.swift; path = Profile.swift; sourceTree = "<group>"; };
		3484DD7329814D3200C4A3E5 /* Auth0.plist */ = {isa = PBXFileReference; lastKnownFileType = text.plist.xml; path = Auth0.plist; sourceTree = "<group>"; };
		3484DD782981605500C4A3E5 /* ProfileView.swift */ = {isa = PBXFileReference; lastKnownFileType = sourcecode.swift; path = ProfileView.swift; sourceTree = "<group>"; };
		34F7EE662970738A00E8934B /* NoteReflectionView.swift */ = {isa = PBXFileReference; fileEncoding = 4; lastKnownFileType = sourcecode.swift; path = NoteReflectionView.swift; sourceTree = "<group>"; };
		34F7EE682970738A00E8934B /* StartScreen.swift */ = {isa = PBXFileReference; fileEncoding = 4; lastKnownFileType = sourcecode.swift; path = StartScreen.swift; sourceTree = "<group>"; };
		34F7EE692970738A00E8934B /* JournalView.swift */ = {isa = PBXFileReference; fileEncoding = 4; lastKnownFileType = sourcecode.swift; path = JournalView.swift; sourceTree = "<group>"; };
		34F7EE6E2970988600E8934B /* WriteReflectionView.swift */ = {isa = PBXFileReference; lastKnownFileType = sourcecode.swift; path = WriteReflectionView.swift; sourceTree = "<group>"; };
		5412FF46298BBB4900C21719 /* AddEditViewModel.swift */ = {isa = PBXFileReference; lastKnownFileType = sourcecode.swift; path = AddEditViewModel.swift; sourceTree = "<group>"; };
		545EDDE32978303200F04FC8 /* QuoteViewModel.swift */ = {isa = PBXFileReference; lastKnownFileType = sourcecode.swift; path = QuoteViewModel.swift; sourceTree = "<group>"; };
		545EDDE52978307000F04FC8 /* Quote.swift */ = {isa = PBXFileReference; lastKnownFileType = sourcecode.swift; path = Quote.swift; sourceTree = "<group>"; };
		8A0B8227297FE503000A5CA5 /* WelcomeView.swift */ = {isa = PBXFileReference; lastKnownFileType = sourcecode.swift; path = WelcomeView.swift; sourceTree = "<group>"; };
		8A0B822A297FEAF3000A5CA5 /* Nunito-Bold.ttf */ = {isa = PBXFileReference; lastKnownFileType = file; path = "Nunito-Bold.ttf"; sourceTree = "<group>"; };
		8A0B822C297FEB00000A5CA5 /* Nunito-Regular.ttf */ = {isa = PBXFileReference; lastKnownFileType = file; path = "Nunito-Regular.ttf"; sourceTree = "<group>"; };
		8A0B822E297FEB21000A5CA5 /* EC-Reflect-Info.plist */ = {isa = PBXFileReference; lastKnownFileType = text.plist; path = "EC-Reflect-Info.plist"; sourceTree = SOURCE_ROOT; };
		8A0B8233297FF69C000A5CA5 /* Nunito-Bold.ttf */ = {isa = PBXFileReference; lastKnownFileType = file; path = "Nunito-Bold.ttf"; sourceTree = "<group>"; };
		8A0B8235297FF6A6000A5CA5 /* Nunito-Regular.ttf */ = {isa = PBXFileReference; lastKnownFileType = file; path = "Nunito-Regular.ttf"; sourceTree = "<group>"; };
		8AB53E5B2979505100D05348 /* StartscreenCardView.swift */ = {isa = PBXFileReference; lastKnownFileType = sourcecode.swift; path = StartscreenCardView.swift; sourceTree = "<group>"; };
		8ABEB1D7297567770015165A /* ReflectionViewModel.swift */ = {isa = PBXFileReference; fileEncoding = 4; lastKnownFileType = sourcecode.swift; path = ReflectionViewModel.swift; sourceTree = "<group>"; };
		8AE04754297FFAD40021BF8B /* QuoteView.swift */ = {isa = PBXFileReference; fileEncoding = 4; lastKnownFileType = sourcecode.swift; path = QuoteView.swift; sourceTree = "<group>"; };
		BEC9F92D29928B9A007FC040 /* DayTrackingMode.swift */ = {isa = PBXFileReference; lastKnownFileType = sourcecode.swift; path = DayTrackingMode.swift; sourceTree = "<group>"; };
		BEF614ED297FE6E1007B5C57 /* Reflection.xcdatamodel */ = {isa = PBXFileReference; lastKnownFileType = wrapper.xcdatamodel; path = Reflection.xcdatamodel; sourceTree = "<group>"; };
		BEF614EE297FE6E1007B5C57 /* Model.xcdatamodel */ = {isa = PBXFileReference; lastKnownFileType = wrapper.xcdatamodel; path = Model.xcdatamodel; sourceTree = "<group>"; };
		BEF614F0297FEAB1007B5C57 /* Persistence.swift */ = {isa = PBXFileReference; lastKnownFileType = sourcecode.swift; path = Persistence.swift; sourceTree = "<group>"; };
		BEF615302989348F007B5C57 /* DaysCounterView.swift */ = {isa = PBXFileReference; lastKnownFileType = sourcecode.swift; path = DaysCounterView.swift; sourceTree = "<group>"; };
/* End PBXFileReference section */

/* Begin PBXFrameworksBuildPhase section */
		342D1EA7296EBBE700042838 /* Frameworks */ = {
			isa = PBXFrameworksBuildPhase;
			buildActionMask = 2147483647;
			files = (
				3484DD7729814F0E00C4A3E5 /* Auth0 in Frameworks */,
			);
			runOnlyForDeploymentPostprocessing = 0;
		};
/* End PBXFrameworksBuildPhase section */

/* Begin PBXGroup section */
		340484C3297AA86C00FC47EC /* Helper */ = {
			isa = PBXGroup;
			children = (
				340484C5297AA8AA00FC47EC /* Network+URLSessionDelegate.swift */,
				340484CB297AAD3000FC47EC /* ResponseHandler.swift */,
			);
			path = Helper;
			sourceTree = "<group>";
		};
		340484C4297AA87900FC47EC /* Network */ = {
			isa = PBXGroup;
			children = (
				340484C7297AAA5900FC47EC /* Network.swift */,
				340484CD297AAF5900FC47EC /* NetworkError.swift */,
			);
			path = Network;
			sourceTree = "<group>";
		};
		3429654729757A1100E0E663 /* Database */ = {
			isa = PBXGroup;
			children = (
				BEF614F0297FEAB1007B5C57 /* Persistence.swift */,
				BEF614EC297FE6E1007B5C57 /* Reflection.xcdatamodeld */,
			);
			path = Database;
			sourceTree = "<group>";
		};
		3429654C29757B8200E0E663 /* ViewModel */ = {
			isa = PBXGroup;
			children = (
				8ABEB1D7297567770015165A /* ReflectionViewModel.swift */,
				5412FF46298BBB4900C21719 /* AddEditViewModel.swift */,
				545EDDE32978303200F04FC8 /* QuoteViewModel.swift */,
				3484DD6F29814C3200C4A3E5 /* ProfileViewModel.swift */,
			);
			path = ViewModel;
			sourceTree = "<group>";
		};
		3429654D29757BA000E0E663 /* View */ = {
			isa = PBXGroup;
			children = (
				342D1EAF296EBBE700042838 /* ContentView.swift */,
				8A0B8227297FE503000A5CA5 /* WelcomeView.swift */,
				34F7EE682970738A00E8934B /* StartScreen.swift */,
				8AB53E5B2979505100D05348 /* StartscreenCardView.swift */,
				8AE04754297FFAD40021BF8B /* QuoteView.swift */,
				34F7EE692970738A00E8934B /* JournalView.swift */,
				BEF615302989348F007B5C57 /* DaysCounterView.swift */,
				34F7EE6E2970988600E8934B /* WriteReflectionView.swift */,
				34F7EE662970738A00E8934B /* NoteReflectionView.swift */,
				342F63912978009E00D9DE5A /* ReflectionDetailsView.swift */,
				3484DD782981605500C4A3E5 /* ProfileView.swift */,
			);
			path = View;
			sourceTree = "<group>";
		};
		342D1EA1296EBBE700042838 = {
			isa = PBXGroup;
			children = (
				342D1EAC296EBBE700042838 /* EC_Reflect */,
				342D1EAB296EBBE700042838 /* Products */,
				8A0B822F297FF61D000A5CA5 /* Recovered References */,
			);
			sourceTree = "<group>";
		};
		342D1EAB296EBBE700042838 /* Products */ = {
			isa = PBXGroup;
			children = (
				342D1EAA296EBBE700042838 /* EC_Reflect.app */,
			);
			name = Products;
			sourceTree = "<group>";
		};
		342D1EAC296EBBE700042838 /* EC_Reflect */ = {
			isa = PBXGroup;
			children = (
				8A0B822E297FEB21000A5CA5 /* EC-Reflect-Info.plist */,
				3484DD7329814D3200C4A3E5 /* Auth0.plist */,
				342D1EAD296EBBE700042838 /* EC_ReflectApp.swift */,
				3429654D29757BA000E0E663 /* View */,
				3429654C29757B8200E0E663 /* ViewModel */,
				3429654729757A1100E0E663 /* Database */,
				8ABEB1D5297567770015165A /* Model */,
				340484C3297AA86C00FC47EC /* Helper */,
				340484C4297AA87900FC47EC /* Network */,
				8A0B8232297FF670000A5CA5 /* Fonts */,
				342D1EB1296EBBE900042838 /* Assets.xcassets */,
				342D1EB3296EBBE900042838 /* Preview Content */,
			);
			path = EC_Reflect;
			sourceTree = "<group>";
		};
		342D1EB3296EBBE900042838 /* Preview Content */ = {
			isa = PBXGroup;
			children = (
				342D1EB4296EBBE900042838 /* Preview Assets.xcassets */,
			);
			path = "Preview Content";
			sourceTree = "<group>";
		};
		8A0B822F297FF61D000A5CA5 /* Recovered References */ = {
			isa = PBXGroup;
			children = (
				8A0B822A297FEAF3000A5CA5 /* Nunito-Bold.ttf */,
				8A0B822C297FEB00000A5CA5 /* Nunito-Regular.ttf */,
			);
			name = "Recovered References";
			sourceTree = "<group>";
		};
		8A0B8232297FF670000A5CA5 /* Fonts */ = {
			isa = PBXGroup;
			children = (
				8A0B8233297FF69C000A5CA5 /* Nunito-Bold.ttf */,
				8A0B8235297FF6A6000A5CA5 /* Nunito-Regular.ttf */,
			);
			path = Fonts;
			sourceTree = "<group>";
		};
		8ABEB1D5297567770015165A /* Model */ = {
			isa = PBXGroup;
			children = (
				3429654A29757B4700E0E663 /* Feeling.swift */,
				BEC9F92D29928B9A007FC040 /* DayTrackingMode.swift */,
				545EDDE52978307000F04FC8 /* Quote.swift */,
				340484CF297C214300FC47EC /* Loadable.swift */,
				3484DD7129814CD400C4A3E5 /* Profile.swift */,
			);
			path = Model;
			sourceTree = "<group>";
		};
/* End PBXGroup section */

/* Begin PBXNativeTarget section */
		342D1EA9296EBBE700042838 /* EC_Reflect */ = {
			isa = PBXNativeTarget;
			buildConfigurationList = 342D1EB8296EBBE900042838 /* Build configuration list for PBXNativeTarget "EC_Reflect" */;
			buildPhases = (
				342D1EA6296EBBE700042838 /* Sources */,
				342D1EA7296EBBE700042838 /* Frameworks */,
				342D1EA8296EBBE700042838 /* Resources */,
			);
			buildRules = (
			);
			dependencies = (
			);
			name = EC_Reflect;
			packageProductDependencies = (
				3484DD7629814F0E00C4A3E5 /* Auth0 */,
			);
			productName = EC_Reflect;
			productReference = 342D1EAA296EBBE700042838 /* EC_Reflect.app */;
			productType = "com.apple.product-type.application";
		};
/* End PBXNativeTarget section */

/* Begin PBXProject section */
		342D1EA2296EBBE700042838 /* Project object */ = {
			isa = PBXProject;
			attributes = {
				BuildIndependentTargetsInParallel = 1;
				LastSwiftUpdateCheck = 1410;
				LastUpgradeCheck = 1410;
				TargetAttributes = {
					342D1EA9296EBBE700042838 = {
						CreatedOnToolsVersion = 14.1;
					};
				};
			};
			buildConfigurationList = 342D1EA5296EBBE700042838 /* Build configuration list for PBXProject "EC_Reflect" */;
			compatibilityVersion = "Xcode 14.0";
			developmentRegion = en;
			hasScannedForEncodings = 0;
			knownRegions = (
				en,
				Base,
			);
			mainGroup = 342D1EA1296EBBE700042838;
			packageReferences = (
				3484DD7529814F0D00C4A3E5 /* XCRemoteSwiftPackageReference "Auth0" */,
			);
			productRefGroup = 342D1EAB296EBBE700042838 /* Products */;
			projectDirPath = "";
			projectRoot = "";
			targets = (
				342D1EA9296EBBE700042838 /* EC_Reflect */,
			);
		};
/* End PBXProject section */

/* Begin PBXResourcesBuildPhase section */
		342D1EA8296EBBE700042838 /* Resources */ = {
			isa = PBXResourcesBuildPhase;
			buildActionMask = 2147483647;
			files = (
				3484DD7429814D3200C4A3E5 /* Auth0.plist in Resources */,
				8A0B8236297FF6A6000A5CA5 /* Nunito-Regular.ttf in Resources */,
				342D1EB5296EBBE900042838 /* Preview Assets.xcassets in Resources */,
				8A0B8234297FF69C000A5CA5 /* Nunito-Bold.ttf in Resources */,
				342D1EB2296EBBE900042838 /* Assets.xcassets in Resources */,
			);
			runOnlyForDeploymentPostprocessing = 0;
		};
/* End PBXResourcesBuildPhase section */

/* Begin PBXSourcesBuildPhase section */
		342D1EA6296EBBE700042838 /* Sources */ = {
			isa = PBXSourcesBuildPhase;
			buildActionMask = 2147483647;
			files = (
				34F7EE6D2970738A00E8934B /* JournalView.swift in Sources */,
				BEF614EF297FE6E1007B5C57 /* Reflection.xcdatamodeld in Sources */,
				34F7EE6F2970988600E8934B /* WriteReflectionView.swift in Sources */,
				342D1EB0296EBBE700042838 /* ContentView.swift in Sources */,
				3484DD7229814CD400C4A3E5 /* Profile.swift in Sources */,
				8A0B8228297FE503000A5CA5 /* WelcomeView.swift in Sources */,
				8AE04755297FFAD40021BF8B /* QuoteView.swift in Sources */,
				8AB53E5C2979505100D05348 /* StartscreenCardView.swift in Sources */,
				340484C6297AA8AA00FC47EC /* Network+URLSessionDelegate.swift in Sources */,
				8ABEB1D9297567770015165A /* ReflectionViewModel.swift in Sources */,
				3484DD792981605500C4A3E5 /* ProfileView.swift in Sources */,
				545EDDE62978307000F04FC8 /* Quote.swift in Sources */,
				34F7EE6C2970738A00E8934B /* StartScreen.swift in Sources */,
				340484D0297C214300FC47EC /* Loadable.swift in Sources */,
				BEF614F1297FEAB1007B5C57 /* Persistence.swift in Sources */,
				342F63922978009F00D9DE5A /* ReflectionDetailsView.swift in Sources */,
				340484C8297AAA5900FC47EC /* Network.swift in Sources */,
				340484CC297AAD3000FC47EC /* ResponseHandler.swift in Sources */,
				3429654B29757B4700E0E663 /* Feeling.swift in Sources */,
				5412FF47298BBB4900C21719 /* AddEditViewModel.swift in Sources */,
				BEF615312989348F007B5C57 /* DaysCounterView.swift in Sources */,
				34F7EE6A2970738A00E8934B /* NoteReflectionView.swift in Sources */,
				3484DD7029814C3200C4A3E5 /* ProfileViewModel.swift in Sources */,
				545EDDE42978303200F04FC8 /* QuoteViewModel.swift in Sources */,
				342D1EAE296EBBE700042838 /* EC_ReflectApp.swift in Sources */,
				BEC9F92E29928B9A007FC040 /* DayTrackingMode.swift in Sources */,
				340484CE297AAF5900FC47EC /* NetworkError.swift in Sources */,
			);
			runOnlyForDeploymentPostprocessing = 0;
		};
/* End PBXSourcesBuildPhase section */

/* Begin XCBuildConfiguration section */
		342D1EB6296EBBE900042838 /* Debug */ = {
			isa = XCBuildConfiguration;
			buildSettings = {
				ALWAYS_SEARCH_USER_PATHS = NO;
				CLANG_ANALYZER_NONNULL = YES;
				CLANG_ANALYZER_NUMBER_OBJECT_CONVERSION = YES_AGGRESSIVE;
				CLANG_CXX_LANGUAGE_STANDARD = "gnu++20";
				CLANG_ENABLE_MODULES = YES;
				CLANG_ENABLE_OBJC_ARC = YES;
				CLANG_ENABLE_OBJC_WEAK = YES;
				CLANG_WARN_BLOCK_CAPTURE_AUTORELEASING = YES;
				CLANG_WARN_BOOL_CONVERSION = YES;
				CLANG_WARN_COMMA = YES;
				CLANG_WARN_CONSTANT_CONVERSION = YES;
				CLANG_WARN_DEPRECATED_OBJC_IMPLEMENTATIONS = YES;
				CLANG_WARN_DIRECT_OBJC_ISA_USAGE = YES_ERROR;
				CLANG_WARN_DOCUMENTATION_COMMENTS = YES;
				CLANG_WARN_EMPTY_BODY = YES;
				CLANG_WARN_ENUM_CONVERSION = YES;
				CLANG_WARN_INFINITE_RECURSION = YES;
				CLANG_WARN_INT_CONVERSION = YES;
				CLANG_WARN_NON_LITERAL_NULL_CONVERSION = YES;
				CLANG_WARN_OBJC_IMPLICIT_RETAIN_SELF = YES;
				CLANG_WARN_OBJC_LITERAL_CONVERSION = YES;
				CLANG_WARN_OBJC_ROOT_CLASS = YES_ERROR;
				CLANG_WARN_QUOTED_INCLUDE_IN_FRAMEWORK_HEADER = YES;
				CLANG_WARN_RANGE_LOOP_ANALYSIS = YES;
				CLANG_WARN_STRICT_PROTOTYPES = YES;
				CLANG_WARN_SUSPICIOUS_MOVE = YES;
				CLANG_WARN_UNGUARDED_AVAILABILITY = YES_AGGRESSIVE;
				CLANG_WARN_UNREACHABLE_CODE = YES;
				CLANG_WARN__DUPLICATE_METHOD_MATCH = YES;
				COPY_PHASE_STRIP = NO;
				DEBUG_INFORMATION_FORMAT = dwarf;
				ENABLE_STRICT_OBJC_MSGSEND = YES;
				ENABLE_TESTABILITY = YES;
				GCC_C_LANGUAGE_STANDARD = gnu11;
				GCC_DYNAMIC_NO_PIC = NO;
				GCC_NO_COMMON_BLOCKS = YES;
				GCC_OPTIMIZATION_LEVEL = 0;
				GCC_PREPROCESSOR_DEFINITIONS = (
					"DEBUG=1",
					"$(inherited)",
				);
				GCC_WARN_64_TO_32_BIT_CONVERSION = YES;
				GCC_WARN_ABOUT_RETURN_TYPE = YES_ERROR;
				GCC_WARN_UNDECLARED_SELECTOR = YES;
				GCC_WARN_UNINITIALIZED_AUTOS = YES_AGGRESSIVE;
				GCC_WARN_UNUSED_FUNCTION = YES;
				GCC_WARN_UNUSED_VARIABLE = YES;
				IPHONEOS_DEPLOYMENT_TARGET = 16.1;
				MTL_ENABLE_DEBUG_INFO = INCLUDE_SOURCE;
				MTL_FAST_MATH = YES;
				ONLY_ACTIVE_ARCH = YES;
				SDKROOT = iphoneos;
				SWIFT_ACTIVE_COMPILATION_CONDITIONS = DEBUG;
				SWIFT_OPTIMIZATION_LEVEL = "-Onone";
			};
			name = Debug;
		};
		342D1EB7296EBBE900042838 /* Release */ = {
			isa = XCBuildConfiguration;
			buildSettings = {
				ALWAYS_SEARCH_USER_PATHS = NO;
				CLANG_ANALYZER_NONNULL = YES;
				CLANG_ANALYZER_NUMBER_OBJECT_CONVERSION = YES_AGGRESSIVE;
				CLANG_CXX_LANGUAGE_STANDARD = "gnu++20";
				CLANG_ENABLE_MODULES = YES;
				CLANG_ENABLE_OBJC_ARC = YES;
				CLANG_ENABLE_OBJC_WEAK = YES;
				CLANG_WARN_BLOCK_CAPTURE_AUTORELEASING = YES;
				CLANG_WARN_BOOL_CONVERSION = YES;
				CLANG_WARN_COMMA = YES;
				CLANG_WARN_CONSTANT_CONVERSION = YES;
				CLANG_WARN_DEPRECATED_OBJC_IMPLEMENTATIONS = YES;
				CLANG_WARN_DIRECT_OBJC_ISA_USAGE = YES_ERROR;
				CLANG_WARN_DOCUMENTATION_COMMENTS = YES;
				CLANG_WARN_EMPTY_BODY = YES;
				CLANG_WARN_ENUM_CONVERSION = YES;
				CLANG_WARN_INFINITE_RECURSION = YES;
				CLANG_WARN_INT_CONVERSION = YES;
				CLANG_WARN_NON_LITERAL_NULL_CONVERSION = YES;
				CLANG_WARN_OBJC_IMPLICIT_RETAIN_SELF = YES;
				CLANG_WARN_OBJC_LITERAL_CONVERSION = YES;
				CLANG_WARN_OBJC_ROOT_CLASS = YES_ERROR;
				CLANG_WARN_QUOTED_INCLUDE_IN_FRAMEWORK_HEADER = YES;
				CLANG_WARN_RANGE_LOOP_ANALYSIS = YES;
				CLANG_WARN_STRICT_PROTOTYPES = YES;
				CLANG_WARN_SUSPICIOUS_MOVE = YES;
				CLANG_WARN_UNGUARDED_AVAILABILITY = YES_AGGRESSIVE;
				CLANG_WARN_UNREACHABLE_CODE = YES;
				CLANG_WARN__DUPLICATE_METHOD_MATCH = YES;
				COPY_PHASE_STRIP = NO;
				DEBUG_INFORMATION_FORMAT = "dwarf-with-dsym";
				ENABLE_NS_ASSERTIONS = NO;
				ENABLE_STRICT_OBJC_MSGSEND = YES;
				GCC_C_LANGUAGE_STANDARD = gnu11;
				GCC_NO_COMMON_BLOCKS = YES;
				GCC_WARN_64_TO_32_BIT_CONVERSION = YES;
				GCC_WARN_ABOUT_RETURN_TYPE = YES_ERROR;
				GCC_WARN_UNDECLARED_SELECTOR = YES;
				GCC_WARN_UNINITIALIZED_AUTOS = YES_AGGRESSIVE;
				GCC_WARN_UNUSED_FUNCTION = YES;
				GCC_WARN_UNUSED_VARIABLE = YES;
				IPHONEOS_DEPLOYMENT_TARGET = 16.1;
				MTL_ENABLE_DEBUG_INFO = NO;
				MTL_FAST_MATH = YES;
				SDKROOT = iphoneos;
				SWIFT_COMPILATION_MODE = wholemodule;
				SWIFT_OPTIMIZATION_LEVEL = "-O";
				VALIDATE_PRODUCT = YES;
			};
			name = Release;
		};
		342D1EB9296EBBE900042838 /* Debug */ = {
			isa = XCBuildConfiguration;
			buildSettings = {
				ASSETCATALOG_COMPILER_APPICON_NAME = AppIcon;
				ASSETCATALOG_COMPILER_GLOBAL_ACCENT_COLOR_NAME = AccentColor;
				CODE_SIGN_STYLE = Automatic;
				CURRENT_PROJECT_VERSION = 1;
				DEVELOPMENT_ASSET_PATHS = "\"EC_Reflect/Preview Content\"";
				DEVELOPMENT_TEAM = BSKM5XY794;
				ENABLE_PREVIEWS = YES;
				GENERATE_INFOPLIST_FILE = YES;
				INFOPLIST_FILE = "EC-Reflect-Info.plist";
				INFOPLIST_KEY_UIApplicationSceneManifest_Generation = YES;
				INFOPLIST_KEY_UIApplicationSupportsIndirectInputEvents = YES;
				INFOPLIST_KEY_UILaunchScreen_Generation = YES;
				INFOPLIST_KEY_UISupportedInterfaceOrientations_iPhone = "UIInterfaceOrientationPortrait UIInterfaceOrientationLandscapeLeft UIInterfaceOrientationLandscapeRight";
				IPHONEOS_DEPLOYMENT_TARGET = 16.0;
				LD_RUNPATH_SEARCH_PATHS = (
					"$(inherited)",
					"@executable_path/Frameworks",
				);
				MARKETING_VERSION = 1.0;
				PRODUCT_BUNDLE_IDENTIFIER = "com.aheroes.EC-Reflect.my";
				PRODUCT_NAME = "$(TARGET_NAME)";
				SWIFT_EMIT_LOC_STRINGS = YES;
				SWIFT_VERSION = 5.0;
				TARGETED_DEVICE_FAMILY = "1,2";
			};
			name = Debug;
		};
		342D1EBA296EBBE900042838 /* Release */ = {
			isa = XCBuildConfiguration;
			buildSettings = {
				ASSETCATALOG_COMPILER_APPICON_NAME = AppIcon;
				ASSETCATALOG_COMPILER_GLOBAL_ACCENT_COLOR_NAME = AccentColor;
				CODE_SIGN_STYLE = Automatic;
				CURRENT_PROJECT_VERSION = 1;
				DEVELOPMENT_ASSET_PATHS = "\"EC_Reflect/Preview Content\"";
				DEVELOPMENT_TEAM = BSKM5XY794;
				ENABLE_PREVIEWS = YES;
				GENERATE_INFOPLIST_FILE = YES;
				INFOPLIST_FILE = "EC-Reflect-Info.plist";
				INFOPLIST_KEY_UIApplicationSceneManifest_Generation = YES;
				INFOPLIST_KEY_UIApplicationSupportsIndirectInputEvents = YES;
				INFOPLIST_KEY_UILaunchScreen_Generation = YES;
				INFOPLIST_KEY_UISupportedInterfaceOrientations_iPhone = "UIInterfaceOrientationPortrait UIInterfaceOrientationLandscapeLeft UIInterfaceOrientationLandscapeRight";
				IPHONEOS_DEPLOYMENT_TARGET = 16.0;
				LD_RUNPATH_SEARCH_PATHS = (
					"$(inherited)",
					"@executable_path/Frameworks",
				);
				MARKETING_VERSION = 1.0;
				PRODUCT_BUNDLE_IDENTIFIER = "com.aheroes.EC-Reflect.my";
				PRODUCT_NAME = "$(TARGET_NAME)";
				SWIFT_EMIT_LOC_STRINGS = YES;
				SWIFT_VERSION = 5.0;
				TARGETED_DEVICE_FAMILY = "1,2";
			};
			name = Release;
		};
/* End XCBuildConfiguration section */

/* Begin XCConfigurationList section */
		342D1EA5296EBBE700042838 /* Build configuration list for PBXProject "EC_Reflect" */ = {
			isa = XCConfigurationList;
			buildConfigurations = (
				342D1EB6296EBBE900042838 /* Debug */,
				342D1EB7296EBBE900042838 /* Release */,
			);
			defaultConfigurationIsVisible = 0;
			defaultConfigurationName = Release;
		};
		342D1EB8296EBBE900042838 /* Build configuration list for PBXNativeTarget "EC_Reflect" */ = {
			isa = XCConfigurationList;
			buildConfigurations = (
				342D1EB9296EBBE900042838 /* Debug */,
				342D1EBA296EBBE900042838 /* Release */,
			);
			defaultConfigurationIsVisible = 0;
			defaultConfigurationName = Release;
		};
/* End XCConfigurationList section */

/* Begin XCRemoteSwiftPackageReference section */
		3484DD7529814F0D00C4A3E5 /* XCRemoteSwiftPackageReference "Auth0" */ = {
			isa = XCRemoteSwiftPackageReference;
			repositoryURL = "https://github.com/auth0/Auth0.swift";
			requirement = {
				kind = upToNextMinorVersion;
				minimumVersion = 2.3.0;
			};
		};
/* End XCRemoteSwiftPackageReference section */

/* Begin XCSwiftPackageProductDependency section */
		3484DD7629814F0E00C4A3E5 /* Auth0 */ = {
			isa = XCSwiftPackageProductDependency;
			package = 3484DD7529814F0D00C4A3E5 /* XCRemoteSwiftPackageReference "Auth0" */;
			productName = Auth0;
		};
/* End XCSwiftPackageProductDependency section */

/* Begin XCVersionGroup section */
		BEF614EC297FE6E1007B5C57 /* Reflection.xcdatamodeld */ = {
			isa = XCVersionGroup;
			children = (
				BEF614ED297FE6E1007B5C57 /* Reflection.xcdatamodel */,
				BEF614EE297FE6E1007B5C57 /* Model.xcdatamodel */,
			);
			currentVersion = BEF614ED297FE6E1007B5C57 /* Reflection.xcdatamodel */;
			path = Reflection.xcdatamodeld;
			sourceTree = "<group>";
			versionGroupType = wrapper.xcdatamodel;
		};
/* End XCVersionGroup section */
	};
	rootObject = 342D1EA2296EBBE700042838 /* Project object */;
}
